
Microsoft Visual Studio Solution File, Format Version 12.00
# Visual Studio Version 16
VisualStudioVersion = 16.0.810.15
MinimumVisualStudioVersion = 10.0.40219.1
Project("{FAE04EC0-301F-11D3-BF4B-00C04F79EFBC}") = "ToDoOrNotToDo", "ToDoOrNotToDo\ToDoOrNotToDo.csproj", "{EC6FCE3F-0DE7-4A52-B288-E30C65DF959D}"
EndProject
Global
	GlobalSection(SolutionConfigurationPlatforms) = preSolution
		Debug|Any CPU = Debug|Any CPU
		Release|Any CPU = Release|Any CPU
	EndGlobalSection
	GlobalSection(ProjectConfigurationPlatforms) = postSolution
		{EC6FCE3F-0DE7-4A52-B288-E30C65DF959D}.Debug|Any CPU.ActiveCfg = Debug|Any CPU
		{EC6FCE3F-0DE7-4A52-B288-E30C65DF959D}.Debug|Any CPU.Build.0 = Debug|Any CPU
		{EC6FCE3F-0DE7-4A52-B288-E30C65DF959D}.Release|Any CPU.ActiveCfg = Release|Any CPU
		{EC6FCE3F-0DE7-4A52-B288-E30C65DF959D}.Release|Any CPU.Build.0 = Release|Any CPU
	EndGlobalSection
	GlobalSection(SolutionProperties) = preSolution
		HideSolutionNode = FALSE
	EndGlobalSection
	GlobalSection(ExtensibilityGlobals) = postSolution
		SolutionGuid = {943796D8-3920-43B3-944B-814B58F46CF7}
	EndGlobalSection
EndGlobal
